<?xml version="1.0" encoding="UTF-8"?>
<CONFIG>
  <ProjectOptions>
    <Version Value="10"/>
    <General>
      <Flags>
        <LRSInOutputDirectory Value="False"/>
      </Flags>
      <MainUnit Value="0"/>
      <Title Value="Interferenz"/>
      <UseXPManifest Value="True"/>
    </General>
    <LazDoc Paths="help"/>
    <VersionInfo>
      <UseVersionInfo Value="True"/>
      <MajorVersionNr Value="3"/>
      <MinorVersionNr Value="1"/>
      <RevisionNr Value="1"/>
      <Language Value="0407"/>
      <StringTable ProductVersion="0.9.9.0"/>
    </VersionInfo>
    <BuildModes Count="1">
      <Item1 Name="default" Default="True"/>
    </BuildModes>
    <PublishOptions>
      <Version Value="2"/>
      <DestinationDirectory Value="$(ProjPath)/Backup/temp/"/>
      <CommandAfter Value="tar -czf $(ProjPath)/Backup/Backup.tgz $(ProjPath)/Backup/temp"/>
      <IncludeFileFilter Value="*.(pas|pp|inc|lfm|lpr|lrs|lpi|lpk|sh|xml)"/>
      <ExcludeFileFilter Value="*.(bak|ppu|ppw|o|so);*~;backup"/>
    </PublishOptions>
    <RunParams>
      <local>
        <FormatVersion Value="1"/>
        <LaunchingApplication PathPlusParams="/usr/X11R6/bin/xterm -T 'Lazarus Run Output' -e $(LazarusDir)/tools/runwait.sh $(TargetCmdLine)"/>
      </local>
    </RunParams>
    <RequiredPackages Count="6">
      <Item1>
        <PackageName Value="SimpleWebViewer"/>
      </Item1>
      <Item2>
        <PackageName Value="GroupHeader"/>
        <MinVersion Valid="True"/>
      </Item2>
      <Item3>
        <PackageName Value="Pexpandpanels"/>
        <MinVersion Valid="True"/>
      </Item3>
      <Item4>
        <PackageName Value="LazOpenGLContext"/>
        <MinVersion Valid="True"/>
      </Item4>
      <Item5>
        <PackageName Value="LCL"/>
      </Item5>
      <Item6>
        <PackageName Value="ColoredBox"/>
        <MinVersion Valid="True"/>
      </Item6>
    </RequiredPackages>
    <Units Count="137">
      <Unit0>
        <Filename Value="Interferenz.lpr"/>
        <IsPartOfProject Value="True"/>
        <EditorIndex Value="-1"/>
        <TopLine Value="6"/>
        <CursorPos X="36" Y="14"/>
        <UsageCount Value="200"/>
      </Unit0>
      <Unit1>
        <Filename Value="unit1.pas"/>
        <IsPartOfProject Value="True"/>
        <ComponentName Value="Form1"/>
        <HasResources Value="True"/>
        <ResourceBaseClass Value="Form"/>
        <UnitName Value="Unit1"/>
        <TopLine Value="20"/>
        <CursorPos X="43" Y="20"/>
        <UsageCount Value="200"/>
        <Loaded Value="True"/>
      </Unit1>
      <Unit2>
        <Filename Value="uanderes.pas"/>
        <IsPartOfProject Value="True"/>
        <UnitName Value="Uanderes"/>
        <EditorIndex Value="-1"/>
        <TopLine Value="534"/>
        <CursorPos Y="548"/>
        <UsageCount Value="200"/>
      </Unit2>
      <Unit3>
        <Filename Value="uchart.pas"/>
        <IsPartOfProject Value="True"/>
        <UnitName Value="UChart"/>
        <IsVisibleTab Value="True"/>
        <EditorIndex Value="1"/>
        <TopLine Value="518"/>
        <CursorPos X="16" Y="523"/>
        <UsageCount Value="201"/>
        <Loaded Value="True"/>
      </Unit3>
      <Unit4>
        <Filename Value="uapparatus.pas"/>
        <IsPartOfProject Value="True"/>
        <UnitName Value="Uapparatus"/>
        <EditorIndex Value="3"/>
        <TopLine Value="2879"/>
        <CursorPos X="3" Y="2881"/>
        <UsageCount Value="205"/>
        <Bookmarks Count="1">
          <Item0 X="43" Y="2127" ID="8"/>
        </Bookmarks>
        <Loaded Value="True"/>
      </Unit4>
      <Unit5>
        <Filename Value="umathe.pas"/>
        <IsPartOfProject Value="True"/>
        <UnitName Value="UMathe"/>
        <EditorIndex Value="-1"/>
        <TopLine Value="146"/>
        <CursorPos X="14" Y="152"/>
        <UsageCount Value="200"/>
      </Unit5>
      <Unit6>
        <Filename Value="utxt.pas"/>
        <IsPartOfProject Value="True"/>
        <UnitName Value="Utxt"/>
        <EditorIndex Value="-1"/>
        <CursorPos Y="6"/>
        <UsageCount Value="200"/>
      </Unit6>
      <Unit7>
        <Filename Value="unit4.pas"/>
        <IsPartOfProject Value="True"/>
        <ComponentName Value="FormSiedeBarOptions"/>
        <HasResources Value="True"/>
        <ResourceBaseClass Value="Form"/>
        <UnitName Value="Unit4"/>
        <EditorIndex Value="-1"/>
        <TopLine Value="44"/>
        <CursorPos X="51" Y="51"/>
        <UsageCount Value="201"/>
      </Unit7>
      <Unit8>
        <Filename Value="unit2.pas"/>
        <IsPartOfProject Value="True"/>
        <ComponentName Value="Form2"/>
        <HasResources Value="True"/>
        <ResourceBaseClass Value="Form"/>
        <UnitName Value="Unit2"/>
        <EditorIndex Value="-1"/>
        <TopLine Value="126"/>
        <CursorPos X="90" Y="135"/>
        <UsageCount Value="200"/>
      </Unit8>
      <Unit9>
        <Filename Value="unit3.pas"/>
        <IsPartOfProject Value="True"/>
        <ComponentName Value="FormSplash"/>
        <HasResources Value="True"/>
        <ResourceBaseClass Value="Form"/>
        <UnitName Value="Unit3"/>
        <EditorIndex Value="-1"/>
        <CursorPos X="34" Y="12"/>
        <UsageCount Value="202"/>
      </Unit9>
      <Unit10>
        <Filename Value="../../../Komponenten/expandpanels/expandpanels.pas"/>
        <UnitName Value="ExpandPanels"/>
        <TopLine Value="68"/>
        <CursorPos X="34" Y="65"/>
        <UsageCount Value="8"/>
      </Unit10>
      <Unit11>
        <Filename Value="/usr/share/fpcsrc/packages/extra/opengl/glu.pp"/>
        <UnitName Value="GLu"/>
        <TopLine Value="107"/>
        <CursorPos X="32" Y="124"/>
        <UsageCount Value="4"/>
      </Unit11>
      <Unit12>
        <Filename Value="unit1.lfm"/>
        <EditorIndex Value="-1"/>
        <TopLine Value="238"/>
        <CursorPos X="30" Y="255"/>
        <UsageCount Value="9"/>
        <DefaultSyntaxHighlighter Value="LFM"/>
      </Unit12>
      <Unit13>
        <Filename Value="../../meine-Installierten-Programme/lazarus/lcl/include/application.inc"/>
        <TopLine Value="1741"/>
        <CursorPos Y="1758"/>
        <UsageCount Value="4"/>
      </Unit13>
      <Unit14>
        <Filename Value="../../meine-Installierten-Programme/lazarus/components/opengl/glgtkglxcontext.pas"/>
        <UnitName Value="GLGtkGlxContext"/>
        <TopLine Value="744"/>
        <CursorPos Y="761"/>
        <UsageCount Value="4"/>
      </Unit14>
      <Unit15>
        <Filename Value="/usr/share/fpcsrc/rtl/unix/sysutils.pp"/>
        <UsageCount Value="9"/>
      </Unit15>
      <Unit16>
        <Filename Value="../../meine-Installierten-Programme/lazarus/components/TextSuite_0.0.0_linux_source/source/TextSuite.pas"/>
        <TopLine Value="385"/>
        <CursorPos X="13" Y="402"/>
        <UsageCount Value="8"/>
      </Unit16>
      <Unit17>
        <Filename Value="../../../Komponenten/MyWebViewer/umywebviewer.pas"/>
        <UnitName Value="UMyWebViewer"/>
        <TopLine Value="31"/>
        <UsageCount Value="8"/>
      </Unit17>
      <Unit18>
        <Filename Value="/usr/share/fpcsrc/rtl/inc/varianth.inc"/>
        <TopLine Value="438"/>
        <CursorPos X="10" Y="455"/>
        <UsageCount Value="1"/>
      </Unit18>
      <Unit19>
        <Filename Value="/usr/share/fpcsrc/rtl/inc/variant.inc"/>
        <TopLine Value="1010"/>
        <CursorPos X="5" Y="1041"/>
        <UsageCount Value="1"/>
      </Unit19>
      <Unit20>
        <Filename Value="../../meine-Installierten-Programme/lazarus/lcl/include/customform.inc"/>
        <TopLine Value="2122"/>
        <CursorPos Y="2139"/>
        <UsageCount Value="4"/>
      </Unit20>
      <Unit21>
        <Filename Value="../../meine-Installierten-Programme/lazarus/lcl/interfaces/gtk/gtkproc.inc"/>
        <TopLine Value="7002"/>
        <CursorPos Y="7019"/>
        <UsageCount Value="4"/>
      </Unit21>
      <Unit22>
        <Filename Value="../../meine-Installierten-Programme/lazarus/lcl/include/scrollingwincontrol.inc"/>
        <TopLine Value="55"/>
        <CursorPos Y="72"/>
        <UsageCount Value="4"/>
      </Unit22>
      <Unit23>
        <Filename Value="../../meine-Installierten-Programme/lazarus/lcl/interfaces/gtk/gtkcallback.inc"/>
        <TopLine Value="268"/>
        <CursorPos Y="285"/>
        <UsageCount Value="4"/>
      </Unit23>
      <Unit24>
        <Filename Value="/Komponenten/expandpanels/expandpanels.pas"/>
        <UnitName Value="ExpandPanels"/>
        <TopLine Value="81"/>
        <CursorPos X="20" Y="95"/>
        <UsageCount Value="4"/>
      </Unit24>
      <Unit25>
        <Filename Value="../../Programme/lazarus/lcl/interfaces/gtk/gtkwidgetset.inc"/>
        <TopLine Value="1145"/>
        <CursorPos Y="1162"/>
        <UsageCount Value="9"/>
      </Unit25>
      <Unit26>
        <Filename Value="../../Programme/lazarus/lcl/stdctrls.pp"/>
        <UnitName Value="StdCtrls"/>
        <TopLine Value="1055"/>
        <CursorPos X="16" Y="1072"/>
        <UsageCount Value="4"/>
      </Unit26>
      <Unit27>
        <Filename Value="../../Programme/lazarus/lcl/controls.pp"/>
        <UnitName Value="Controls"/>
        <TopLine Value="853"/>
        <CursorPos X="14" Y="870"/>
        <UsageCount Value="4"/>
      </Unit27>
      <Unit28>
        <Filename Value="../../Programme/lazarus/lcl/extctrls.pp"/>
        <UnitName Value="ExtCtrls"/>
        <TopLine Value="900"/>
        <CursorPos X="17" Y="917"/>
        <UsageCount Value="1"/>
      </Unit28>
      <Unit29>
        <Filename Value="/usr/share/fpcsrc/rtl/objpas/math.pp"/>
        <TopLine Value="136"/>
        <CursorPos X="10" Y="153"/>
        <UsageCount Value="9"/>
      </Unit29>
      <Unit30>
        <Filename Value="../../Programme/lazarus/lcl/include/customedit.inc"/>
        <TopLine Value="422"/>
        <CursorPos Y="439"/>
        <UsageCount Value="9"/>
      </Unit30>
      <Unit31>
        <Filename Value="../../Programme/lazarus/lcl/include/trackbar.inc"/>
        <TopLine Value="298"/>
        <CursorPos Y="315"/>
        <UsageCount Value="9"/>
      </Unit31>
      <Unit32>
        <Filename Value="../../Programme/lazarus/components/opengl/openglcontext.pas"/>
        <UnitName Value="OpenGLContext"/>
        <TopLine Value="138"/>
        <CursorPos X="10" Y="138"/>
        <UsageCount Value="9"/>
      </Unit32>
      <Unit33>
        <Filename Value="../../Programme/lazarus/lcl/include/spinedit.inc"/>
        <TopLine Value="40"/>
        <CursorPos Y="57"/>
        <UsageCount Value="9"/>
      </Unit33>
      <Unit34>
        <Filename Value="../../Programme/lazarus/lcl/include/control.inc"/>
        <TopLine Value="1194"/>
        <CursorPos X="32" Y="1197"/>
        <UsageCount Value="4"/>
      </Unit34>
      <Unit35>
        <Filename Value="../../Programme/lazarus/lcl/include/wincontrol.inc"/>
        <TopLine Value="7002"/>
        <CursorPos X="16" Y="7004"/>
        <UsageCount Value="4"/>
      </Unit35>
      <Unit36>
        <Filename Value="../../Programme/lazarus/lcl/interfaces/gtk/gtkcallback.inc"/>
        <TopLine Value="440"/>
        <CursorPos Y="457"/>
        <UsageCount Value="9"/>
      </Unit36>
      <Unit37>
        <Filename Value="../../Programme/lazarus/lcl/include/lclintfh.inc"/>
        <TopLine Value="53"/>
        <CursorPos X="11" Y="70"/>
        <UsageCount Value="1"/>
      </Unit37>
      <Unit38>
        <Filename Value="../../Programme/lazarus/lcl/include/intfbaselcl.inc"/>
        <TopLine Value="184"/>
        <CursorPos X="3" Y="190"/>
        <UsageCount Value="1"/>
      </Unit38>
      <Unit39>
        <Filename Value="../../Programme/lazarus/lcl/menus.pp"/>
        <UnitName Value="Menus"/>
        <TopLine Value="352"/>
        <CursorPos X="14" Y="369"/>
        <UsageCount Value="1"/>
      </Unit39>
      <Unit40>
        <Filename Value="../../Programme/lazarus/lcl/include/popupmenu.inc"/>
        <TopLine Value="47"/>
        <CursorPos X="14" Y="53"/>
        <UsageCount Value="1"/>
      </Unit40>
      <Unit41>
        <Filename Value="../../Programme/lazarus/components/opengl/glgtkglxcontext.pas"/>
        <UnitName Value="GLGtkGlxContext"/>
        <TopLine Value="464"/>
        <CursorPos Y="481"/>
        <UsageCount Value="1"/>
      </Unit41>
      <Unit42>
        <Filename Value="/home/alexander/Programme/lazarus/lcl/lconvencoding.pas"/>
        <UnitName Value="LConvEncoding"/>
        <TopLine Value="11"/>
        <CursorPos X="28" Y="28"/>
        <UsageCount Value="6"/>
      </Unit42>
      <Unit43>
        <Filename Value="/home/alexander/Programme/lazarus/lcl/lclmemmanager.pas"/>
        <UnitName Value="LCLMemManager"/>
        <TopLine Value="82"/>
        <CursorPos X="11" Y="99"/>
        <UsageCount Value="6"/>
      </Unit43>
      <Unit44>
        <Filename Value="/home/alexander/Programme/lazarus/lcl/include/customform.inc"/>
        <TopLine Value="1262"/>
        <CursorPos Y="1279"/>
        <UsageCount Value="1"/>
      </Unit44>
      <Unit45>
        <Filename Value="../../../../Komponenten/GroupHeader/ugroupheader.pas"/>
        <UnitName Value="UGroupHeader"/>
        <CursorPos X="35" Y="7"/>
        <UsageCount Value="9"/>
      </Unit45>
      <Unit46>
        <Filename Value="/home/alexander/Programme/lazarus/components/turbopower_ipro/iputils.pas"/>
        <UnitName Value="IpUtils"/>
        <TopLine Value="559"/>
        <CursorPos X="41" Y="576"/>
        <UsageCount Value="6"/>
      </Unit46>
      <Unit47>
        <Filename Value="/home/alexander/Programme/lazarus/components/opengl/glgtkglxcontext.pas"/>
        <UnitName Value="GLGtkGlxContext"/>
        <TopLine Value="407"/>
        <CursorPos X="42" Y="424"/>
        <UsageCount Value="6"/>
      </Unit47>
      <Unit48>
        <Filename Value="/usr/share/fpcsrc/2.2.2/rtl/inc/mathh.inc"/>
        <TopLine Value="48"/>
        <CursorPos X="14" Y="65"/>
        <UsageCount Value="9"/>
      </Unit48>
      <Unit49>
        <Filename Value="uvector.pas"/>
        <IsPartOfProject Value="True"/>
        <UnitName Value="UVector"/>
        <EditorIndex Value="-1"/>
        <TopLine Value="31"/>
        <CursorPos X="3" Y="18"/>
        <UsageCount Value="200"/>
      </Unit49>
      <Unit50>
        <Filename Value="/usr/share/fpcsrc/2.2.2/rtl/objpas/math.pp"/>
        <TopLine Value="691"/>
        <CursorPos X="14" Y="694"/>
        <UsageCount Value="9"/>
      </Unit50>
      <Unit51>
        <Filename Value="/home/alexander/Programme/lazarus/ide/exttooleditdlg.pas"/>
        <ComponentName Value="ExternalToolOptionDlg"/>
        <HasResources Value="True"/>
        <ResourceBaseClass Value="Form"/>
        <UnitName Value="ExtToolEditDlg"/>
        <TopLine Value="249"/>
        <CursorPos X="34" Y="266"/>
        <UsageCount Value="6"/>
      </Unit51>
      <Unit52>
        <Filename Value="/home/alexander/Programme/lazarus/lcl/buttons.pp"/>
        <UnitName Value="Buttons"/>
        <TopLine Value="149"/>
        <CursorPos X="15" Y="166"/>
        <UsageCount Value="6"/>
      </Unit52>
      <Unit53>
        <Filename Value="/home/alexander/Programme/lazarus/components/opengl/openglcontext.pas"/>
        <UnitName Value="OpenGLContext"/>
        <TopLine Value="103"/>
        <CursorPos X="14" Y="120"/>
        <UsageCount Value="7"/>
      </Unit53>
      <Unit54>
        <Filename Value="/usr/share/fpcsrc/2.2.2/rtl/objpas/classes/classesh.inc"/>
        <TopLine Value="86"/>
        <CursorPos X="4" Y="108"/>
        <UsageCount Value="1"/>
      </Unit54>
      <Unit55>
        <Filename Value="/home/alexander/Programme/lazarus/lcl/controls.pp"/>
        <UnitName Value="Controls"/>
        <TopLine Value="906"/>
        <CursorPos X="15" Y="917"/>
        <UsageCount Value="9"/>
      </Unit55>
      <Unit56>
        <Filename Value="/home/alexander/Programme/lazarus/lcl/include/control.inc"/>
        <TopLine Value="3737"/>
        <CursorPos X="3" Y="3742"/>
        <UsageCount Value="9"/>
      </Unit56>
      <Unit57>
        <Filename Value="/home/alexander/Programme/lazarus/lcl/include/wincontrol.inc"/>
        <TopLine Value="6353"/>
        <CursorPos X="3" Y="6362"/>
        <UsageCount Value="7"/>
      </Unit57>
      <Unit58>
        <Filename Value="/home/alexander/Programme/lazarus/ide/project.pp"/>
        <UnitName Value="Project"/>
        <TopLine Value="1847"/>
        <CursorPos X="8" Y="1884"/>
        <UsageCount Value="1"/>
      </Unit58>
      <Unit59>
        <Filename Value="/home/alexander/Programme/lazarus/lcl/include/trackbar.inc"/>
        <TopLine Value="299"/>
        <CursorPos Y="316"/>
        <UsageCount Value="1"/>
      </Unit59>
      <Unit60>
        <Filename Value="/home/alexander/Programme/lazarus/lcl/interfaces/gtk/gtkproc.inc"/>
        <TopLine Value="3538"/>
        <CursorPos Y="3555"/>
        <UsageCount Value="4"/>
      </Unit60>
      <Unit61>
        <Filename Value="/home/alexander/Programme/lazarus/lcl/interfaces/gtk/gtkcallback.inc"/>
        <TopLine Value="2096"/>
        <CursorPos Y="2113"/>
        <UsageCount Value="1"/>
      </Unit61>
      <Unit62>
        <Filename Value="/home/alexander/Programme/lazarus/lcl/interfaces/gtk2/gtk2wscomctrls.pp"/>
        <UnitName Value="Gtk2WSComCtrls"/>
        <TopLine Value="350"/>
        <CursorPos X="54" Y="375"/>
        <UsageCount Value="1"/>
      </Unit62>
      <Unit63>
        <Filename Value="/home/alexander/Programme/lazarus/lcl/spin.pp"/>
        <UnitName Value="Spin"/>
        <TopLine Value="122"/>
        <CursorPos X="15" Y="133"/>
        <UsageCount Value="9"/>
      </Unit63>
      <Unit64>
        <Filename Value="../../../../Komponenten/expandpanels/expandpanels.pas"/>
        <UnitName Value="ExpandPanels"/>
        <TopLine Value="17"/>
        <CursorPos Y="23"/>
        <UsageCount Value="8"/>
      </Unit64>
      <Unit65>
        <Filename Value="/home/alexander/Programme/lazarus/ide/keymapping.pp"/>
        <UnitName Value="KeyMapping"/>
        <TopLine Value="361"/>
        <CursorPos X="20" Y="373"/>
        <UsageCount Value="4"/>
      </Unit65>
      <Unit66>
        <Filename Value="/home/alexander/Programme/lazarus/lcl/interfaces/gtk2/gtk2callback.inc"/>
        <TopLine Value="118"/>
        <CursorPos Y="151"/>
        <UsageCount Value="4"/>
      </Unit66>
      <Unit67>
        <Filename Value="/home/alexander/Programme/lazarus/lcl/interfaces/gtk/gtkwidgetset.inc"/>
        <TopLine Value="1170"/>
        <CursorPos X="15" Y="1176"/>
        <UsageCount Value="4"/>
      </Unit67>
      <Unit68>
        <Filename Value="/hdc5/back/Programme/lazarus/lcl/extctrls.pp"/>
        <UnitName Value="ExtCtrls"/>
        <TopLine Value="1060"/>
        <CursorPos X="16" Y="1080"/>
        <UsageCount Value="4"/>
      </Unit68>
      <Unit69>
        <Filename Value="/hdc5/back/Programme/lazarus/lcl/include/custompanel.inc"/>
        <TopLine Value="121"/>
        <CursorPos X="3" Y="106"/>
        <UsageCount Value="4"/>
      </Unit69>
      <Unit70>
        <Filename Value="/hdc5/back/Programme/lazarus/lcl/controls.pp"/>
        <UnitName Value="Controls"/>
        <TopLine Value="1558"/>
        <CursorPos X="15" Y="1575"/>
        <UsageCount Value="4"/>
      </Unit70>
      <Unit71>
        <Filename Value="/hdc5/back/Programme/lazarus/lcl/include/control.inc"/>
        <TopLine Value="3325"/>
        <CursorPos X="39" Y="3342"/>
        <UsageCount Value="4"/>
      </Unit71>
      <Unit72>
        <Filename Value="/hdc5/back/Programme/lazarus/lcl/include/customform.inc"/>
        <TopLine Value="1262"/>
        <CursorPos Y="1279"/>
        <UsageCount Value="4"/>
      </Unit72>
      <Unit73>
        <Filename Value="/hdc5/back/Programme/lazarus/lcl/include/wincontrol.inc"/>
        <TopLine Value="2857"/>
        <CursorPos Y="2884"/>
        <UsageCount Value="4"/>
      </Unit73>
      <Unit74>
        <Filename Value="/hdc5/back/Programme/lazarus/lcl/include/winapih.inc"/>
        <TopLine Value="223"/>
        <CursorPos X="10" Y="240"/>
        <UsageCount Value="4"/>
      </Unit74>
      <Unit75>
        <Filename Value="/hdc5/back/Programme/lazarus/lcl/include/intfbasewinapi.inc"/>
        <TopLine Value="1496"/>
        <CursorPos X="3" Y="1522"/>
        <UsageCount Value="4"/>
      </Unit75>
      <Unit76>
        <Filename Value="/sda5/LinuxPrograms/lazarus/lcl/include/wincontrol.inc"/>
        <TopLine Value="2872"/>
        <CursorPos Y="2889"/>
        <UsageCount Value="4"/>
      </Unit76>
      <Unit77>
        <Filename Value="/sda5/LinuxPrograms/lazarus/lcl/interfaces/gtk/gtkproc.inc"/>
        <TopLine Value="3954"/>
        <CursorPos Y="3971"/>
        <UsageCount Value="4"/>
      </Unit77>
      <Unit78>
        <Filename Value="/sda5/LinuxPrograms/lazarus/lcl/interfaces/gtk/gtkint.pp"/>
        <UnitName Value="GtkInt"/>
        <TopLine Value="16"/>
        <CursorPos X="47" Y="34"/>
        <UsageCount Value="4"/>
      </Unit78>
      <Unit79>
        <Filename Value="/sda5/LinuxPrograms/lazarus/lcl/interfaces/gtk/gtkwidgetset.inc"/>
        <TopLine Value="103"/>
        <CursorPos Y="120"/>
        <UsageCount Value="4"/>
      </Unit79>
      <Unit80>
        <Filename Value="/sda5/LinuxPrograms/fpc/rtl/inc/objpash.inc"/>
        <TopLine Value="158"/>
        <CursorPos X="23" Y="175"/>
        <UsageCount Value="4"/>
      </Unit80>
      <Unit81>
        <Filename Value="/sda5/LinuxPrograms/fpc/rtl/inc/objpas.inc"/>
        <TopLine Value="133"/>
        <CursorPos X="9" Y="138"/>
        <UsageCount Value="4"/>
      </Unit81>
      <Unit82>
        <Filename Value="/sda5/LinuxPrograms/lazarus/lcl/controls.pp"/>
        <UnitName Value="Controls"/>
        <TopLine Value="1017"/>
        <CursorPos X="15" Y="1034"/>
        <UsageCount Value="5"/>
      </Unit82>
      <Unit83>
        <Filename Value="/sda5/LinuxPrograms/lazarus/lcl/include/control.inc"/>
        <TopLine Value="3006"/>
        <CursorPos Y="3023"/>
        <UsageCount Value="7"/>
      </Unit83>
      <Unit84>
        <Filename Value="/sda5/LinuxPrograms/fpc/rtl/objpas/classes/classesh.inc"/>
        <TopLine Value="1467"/>
        <CursorPos X="3" Y="1484"/>
        <UsageCount Value="7"/>
      </Unit84>
      <Unit85>
        <Filename Value="/sda5/LinuxPrograms/lazarus/lcl/interfaces/gtk/gtkwsbuttons.pp"/>
        <UnitName Value="GtkWSButtons"/>
        <TopLine Value="90"/>
        <CursorPos Y="107"/>
        <UsageCount Value="6"/>
      </Unit85>
      <Unit86>
        <Filename Value="/sda5/LinuxPrograms/lazarus/lcl/stdctrls.pp"/>
        <UnitName Value="StdCtrls"/>
        <TopLine Value="748"/>
        <CursorPos X="3" Y="765"/>
        <UsageCount Value="7"/>
      </Unit86>
      <Unit87>
        <Filename Value="/sda5/LinuxPrograms/lazarus/lcl/extctrls.pp"/>
        <UnitName Value="ExtCtrls"/>
        <TopLine Value="1020"/>
        <CursorPos X="37" Y="1037"/>
        <UsageCount Value="7"/>
      </Unit87>
      <Unit88>
        <Filename Value="/home/alexander/Programme/lazarus/lcl/extctrls.pp"/>
        <UnitName Value="ExtCtrls"/>
        <TopLine Value="1014"/>
        <CursorPos X="19" Y="1030"/>
        <UsageCount Value="7"/>
      </Unit88>
      <Unit89>
        <Filename Value="/home/alexander/Programme/lazarus/lcl/include/customcontrol.inc"/>
        <TopLine Value="71"/>
        <CursorPos X="3" Y="80"/>
        <UsageCount Value="7"/>
      </Unit89>
      <Unit90>
        <Filename Value="/home/alexander/Programme/lazarus/lcl/include/custompanel.inc"/>
        <TopLine Value="125"/>
        <CursorPos X="44" Y="135"/>
        <UsageCount Value="7"/>
      </Unit90>
      <Unit91>
        <Filename Value="../../../../Komponenten/RothPanel/rothpanel.pas"/>
        <UnitName Value="RothPanel"/>
        <UsageCount Value="7"/>
      </Unit91>
      <Unit92>
        <Filename Value="../../../../Komponenten/RothPanel/rothpanel1.pas"/>
        <UnitName Value="RothPanel1"/>
        <CursorPos Y="21"/>
        <UsageCount Value="7"/>
      </Unit92>
      <Unit93>
        <Filename Value="/home/alexander/Programme/lazarus/ide/compoptsmodes.pas"/>
        <UnitName Value="CompOptsModes"/>
        <TopLine Value="35"/>
        <CursorPos X="81" Y="44"/>
        <UsageCount Value="7"/>
      </Unit93>
      <Unit94>
        <Filename Value="/usr/share/fpcsrc/2.3.1/packages/fcl-base/src/inifiles.pp"/>
        <UnitName Value="IniFiles"/>
        <TopLine Value="504"/>
        <CursorPos X="18" Y="507"/>
        <UsageCount Value="8"/>
      </Unit94>
      <Unit95>
        <Filename Value="/usr/share/fpcsrc/2.3.1/rtl/objpas/sysutils/sysstrh.inc"/>
        <TopLine Value="177"/>
        <CursorPos X="10" Y="189"/>
        <UsageCount Value="8"/>
      </Unit95>
      <Unit96>
        <Filename Value="/usr/share/fpcsrc/2.3.1/rtl/objpas/sysutils/sysstr.inc"/>
        <TopLine Value="1075"/>
        <CursorPos X="45" Y="1082"/>
        <UsageCount Value="8"/>
      </Unit96>
      <Unit97>
        <Filename Value="/usr/share/fpcsrc/2.3.1/rtl/inc/systemh.inc"/>
        <TopLine Value="742"/>
        <CursorPos X="11" Y="754"/>
        <UsageCount Value="8"/>
      </Unit97>
      <Unit98>
        <Filename Value="/usr/share/fpcsrc/2.3.1/rtl/unix/classes.pp"/>
        <UnitName Value="Classes"/>
        <UsageCount Value="7"/>
      </Unit98>
      <Unit99>
        <Filename Value="/home/alexander/Programme/lazarus/lcl/lresources.pp"/>
        <UnitName Value="LResources"/>
        <TopLine Value="1377"/>
        <CursorPos Y="1389"/>
        <UsageCount Value="8"/>
      </Unit99>
      <Unit100>
        <Filename Value="/usr/share/fpcsrc/2.3.1/packages/opengl/src/glu.pp"/>
        <UnitName Value="GLu"/>
        <TopLine Value="128"/>
        <CursorPos X="74" Y="140"/>
        <UsageCount Value="9"/>
      </Unit100>
      <Unit101>
        <Filename Value="/home/alexander/Programme/lazarus/ide/compoptcondpropsdlg.pas"/>
        <ComponentName Value="CompOptCondPropsDialog"/>
        <HasResources Value="True"/>
        <ResourceBaseClass Value="Form"/>
        <UnitName Value="CompOptCondPropsDlg"/>
        <TopLine Value="79"/>
        <CursorPos X="37" Y="91"/>
        <UsageCount Value="9"/>
      </Unit101>
      <Unit102>
        <Filename Value="/home/alexander/Programme/lazarus/lcl/stdctrls.pp"/>
        <UnitName Value="StdCtrls"/>
        <TopLine Value="725"/>
        <CursorPos X="17" Y="745"/>
        <UsageCount Value="9"/>
      </Unit102>
      <Unit103>
        <Filename Value="/home/alexander/Programme/lazarus/lcl/include/spinedit.inc"/>
        <TopLine Value="219"/>
        <CursorPos X="3" Y="230"/>
        <UsageCount Value="9"/>
      </Unit103>
      <Unit104>
        <Filename Value="/home/alexander/Programme/lazarus/lcl/include/customedit.inc"/>
        <TopLine Value="460"/>
        <CursorPos Y="472"/>
        <UsageCount Value="9"/>
      </Unit104>
      <Unit105>
        <Filename Value="/sda5/LinuxPrograms/lazarus/lcl/dialogs.pp"/>
        <UnitName Value="Dialogs"/>
        <TopLine Value="22"/>
        <CursorPos X="13" Y="43"/>
        <UsageCount Value="9"/>
      </Unit105>
      <Unit106>
        <Filename Value="/sda5/LinuxPrograms/fpc/rtl/objpas/math.pp"/>
        <TopLine Value="2116"/>
        <CursorPos Y="2120"/>
        <UsageCount Value="9"/>
      </Unit106>
      <Unit107>
        <Filename Value="/sda5/LinuxPrograms/lazarus/components/opengl/openglcontext.pas"/>
        <UnitName Value="OpenGLContext"/>
        <TopLine Value="27"/>
        <CursorPos X="14" Y="46"/>
        <UsageCount Value="9"/>
      </Unit107>
      <Unit108>
        <Filename Value="/sda5/LinuxPrograms/lazarus/lcl/menus.pp"/>
        <UnitName Value="Menus"/>
        <TopLine Value="196"/>
        <CursorPos X="15" Y="213"/>
        <UsageCount Value="9"/>
      </Unit108>
      <Unit109>
        <Filename Value="/sda5/LinuxPrograms/fpc/rtl/inc/systemh.inc"/>
        <TopLine Value="858"/>
        <CursorPos X="11" Y="875"/>
        <UsageCount Value="9"/>
      </Unit109>
      <Unit110>
        <Filename Value="/sda5/LinuxPrograms/fpc/rtl/unix/sysdir.inc"/>
        <TopLine Value="21"/>
        <CursorPos Y="32"/>
        <UsageCount Value="9"/>
      </Unit110>
      <Unit111>
        <Filename Value="/sda5/LinuxPrograms/lazarus/lcl/forms.pp"/>
        <UnitName Value="Forms"/>
        <TopLine Value="673"/>
        <CursorPos X="17" Y="690"/>
        <UsageCount Value="9"/>
      </Unit111>
      <Unit112>
        <Filename Value="/sda5/LinuxPrograms/lazarus/lcl/include/customform.inc"/>
        <TopLine Value="1279"/>
        <CursorPos X="3" Y="1287"/>
        <UsageCount Value="9"/>
      </Unit112>
      <Unit113>
        <Filename Value="synapse/clamsend.pas"/>
        <EditorIndex Value="-1"/>
        <UsageCount Value="9"/>
      </Unit113>
      <Unit114>
        <Filename Value="synapse/httpsend.pas"/>
        <EditorIndex Value="-1"/>
        <TopLine Value="372"/>
        <CursorPos X="42" Y="406"/>
        <UsageCount Value="19"/>
      </Unit114>
      <Unit115>
        <Filename Value="unit2.lfm"/>
        <EditorIndex Value="-1"/>
        <UsageCount Value="9"/>
        <DefaultSyntaxHighlighter Value="LFM"/>
      </Unit115>
      <Unit116>
        <Filename Value="/home/alexander/programs/lazarus/ide/lazarus.pp"/>
        <UnitName Value="Lazarus"/>
        <EditorIndex Value="-1"/>
        <TopLine Value="38"/>
        <CursorPos X="3" Y="48"/>
        <UsageCount Value="9"/>
      </Unit116>
      <Unit117>
        <Filename Value="/usr/share/fpcsrc/3.1.1/packages/opengl/src/glut.pp"/>
        <UnitName Value="Glut"/>
        <EditorIndex Value="-1"/>
        <TopLine Value="139"/>
        <CursorPos X="34" Y="11"/>
        <UsageCount Value="9"/>
      </Unit117>
      <Unit118>
        <Filename Value="/home/alexander/programs/lazarus/lcl/menus.pp"/>
        <UnitName Value="Menus"/>
        <EditorIndex Value="-1"/>
        <TopLine Value="222"/>
        <CursorPos X="49" Y="222"/>
        <UsageCount Value="9"/>
      </Unit118>
      <Unit119>
        <Filename Value="/usr/share/fpcsrc/3.1.1/rtl/inc/objpash.inc"/>
        <EditorIndex Value="-1"/>
        <TopLine Value="185"/>
        <CursorPos X="8" Y="200"/>
        <UsageCount Value="10"/>
      </Unit119>
      <Unit120>
        <Filename Value="/usr/share/fpcsrc/3.1.1/rtl/inc/objpas.inc"/>
        <EditorIndex Value="-1"/>
        <TopLine Value="323"/>
        <CursorPos X="9" Y="325"/>
        <UsageCount Value="9"/>
      </Unit120>
      <Unit121>
        <Filename Value="/home/alexander/programs/lazarus/lcl/include/control.inc"/>
        <EditorIndex Value="-1"/>
        <TopLine Value="4268"/>
        <CursorPos X="3" Y="4277"/>
        <UsageCount Value="10"/>
      </Unit121>
      <Unit122>
        <Filename Value="/home/alexander/programs/lazarus/lcl/include/scrollingwincontrol.inc"/>
        <EditorIndex Value="-1"/>
        <TopLine Value="49"/>
        <CursorPos Y="68"/>
        <UsageCount Value="9"/>
      </Unit122>
      <Unit123>
        <Filename Value="/home/alexander/programs/lazarus/lcl/include/wincontrol.inc"/>
        <EditorIndex Value="-1"/>
        <TopLine Value="7456"/>
        <CursorPos Y="7468"/>
        <UsageCount Value="10"/>
      </Unit123>
      <Unit124>
        <Filename Value="/home/alexander/programs/lazarus/lcl/include/customcontrol.inc"/>
        <EditorIndex Value="-1"/>
        <TopLine Value="62"/>
        <CursorPos Y="74"/>
        <UsageCount Value="9"/>
      </Unit124>
      <Unit125>
        <Filename Value="/home/alexander/programs/lazarus/components/opengl/openglcontext.pas"/>
        <UnitName Value="OpenGLContext"/>
        <EditorIndex Value="-1"/>
        <TopLine Value="158"/>
        <CursorPos X="3" Y="119"/>
        <UsageCount Value="10"/>
      </Unit125>
      <Unit126>
        <Filename Value="nxpascal/src/nxGL.pas"/>
        <EditorIndex Value="2"/>
        <TopLine Value="771"/>
        <CursorPos X="21" Y="777"/>
        <UsageCount Value="17"/>
        <Loaded Value="True"/>
      </Unit126>
      <Unit127>
        <Filename Value="/home/alexander/programs/lazarus/lcl/extctrls.pp"/>
        <UnitName Value="ExtCtrls"/>
        <EditorIndex Value="-1"/>
        <TopLine Value="1069"/>
        <CursorPos X="3" Y="1069"/>
        <UsageCount Value="11"/>
      </Unit127>
      <Unit128>
        <Filename Value="/usr/share/fpcsrc/3.1.1/packages/opengl/src/gl.pp"/>
        <UnitName Value="GL"/>
        <EditorIndex Value="-1"/>
        <TopLine Value="110"/>
        <CursorPos X="13" Y="125"/>
        <UsageCount Value="10"/>
      </Unit128>
      <Unit129>
        <Filename Value="nxpascal/src/dglOpenGL.pas"/>
        <EditorIndex Value="-1"/>
        <TopLine Value="14978"/>
        <CursorPos X="3" Y="14980"/>
        <UsageCount Value="10"/>
      </Unit129>
      <Unit130>
        <Filename Value="nxpascal/src/nxGraph.pas"/>
        <EditorIndex Value="-1"/>
        <TopLine Value="888"/>
        <CursorPos X="29" Y="906"/>
        <UsageCount Value="13"/>
      </Unit130>
      <Unit131>
        <Filename Value="/home/alexander/programs/lazarus/lcl/controls.pp"/>
        <UnitName Value="Controls"/>
        <EditorIndex Value="-1"/>
        <TopLine Value="1349"/>
        <CursorPos X="15" Y="1360"/>
        <UsageCount Value="11"/>
      </Unit131>
      <Unit132>
        <Filename Value="/home/alexander/programs/lazarus/lcl/include/winapih.inc"/>
        <EditorIndex Value="-1"/>
        <TopLine Value="294"/>
        <CursorPos X="10" Y="306"/>
        <UsageCount Value="11"/>
      </Unit132>
      <Unit133>
        <Filename Value="/home/alexander/programs/lazarus/lcl/lclclasses.pp"/>
        <UnitName Value="LCLClasses"/>
        <EditorIndex Value="-1"/>
        <TopLine Value="30"/>
        <CursorPos X="3" Y="42"/>
        <UsageCount Value="10"/>
      </Unit133>
      <Unit134>
        <Filename Value="/usr/share/fpcsrc/3.1.1/rtl/objpas/classes/classesh.inc"/>
        <EditorIndex Value="-1"/>
        <TopLine Value="1771"/>
        <CursorPos X="13" Y="1783"/>
        <UsageCount Value="10"/>
      </Unit134>
      <Unit135>
        <Filename Value="/home/alexander/programs/lazarus/lcl/include/intfbasewinapi.inc"/>
        <EditorIndex Value="-1"/>
        <TopLine Value="2029"/>
        <CursorPos X="3" Y="2031"/>
        <UsageCount Value="10"/>
      </Unit135>
      <Unit136>
        <Filename Value="/home/alexander/programs/lazarus/lcl/graphics.pp"/>
        <UnitName Value="Graphics"/>
        <EditorIndex Value="-1"/>
        <TopLine Value="1040"/>
        <CursorPos X="14" Y="1213"/>
        <UsageCount Value="10"/>
      </Unit136>
    </Units>
    <JumpHistory Count="28" HistoryIndex="26">
      <Position1>
        <Filename Value="uchart.pas"/>
        <Caret Line="2721" Column="22" TopLine="2701"/>
      </Position1>
      <Position2>
        <Filename Value="uchart.pas"/>
        <Caret Line="2722" Column="12" TopLine="2702"/>
      </Position2>
      <Position3>
        <Filename Value="uchart.pas"/>
        <Caret Line="2735" Column="23" TopLine="2715"/>
      </Position3>
      <Position4>
        <Filename Value="uchart.pas"/>
        <Caret Line="2741" Column="24" TopLine="2722"/>
      </Position4>
      <Position5>
        <Filename Value="uchart.pas"/>
        <Caret Line="2742" Column="14" TopLine="2723"/>
      </Position5>
      <Position6>
        <Filename Value="uchart.pas"/>
        <Caret Line="2754" Column="25" TopLine="2735"/>
      </Position6>
      <Position7>
        <Filename Value="uchart.pas"/>
        <Caret Line="2799" Column="14" TopLine="2779"/>
      </Position7>
      <Position8>
        <Filename Value="uchart.pas"/>
        <Caret Line="2822" Column="25" TopLine="2803"/>
      </Position8>
      <Position9>
        <Filename Value="uchart.pas"/>
        <Caret Line="2855" Column="22" TopLine="2835"/>
      </Position9>
      <Position10>
        <Filename Value="uchart.pas"/>
        <Caret Line="2856" Column="12" TopLine="2836"/>
      </Position10>
      <Position11>
        <Filename Value="uchart.pas"/>
        <Caret Line="2876" Column="23" TopLine="2857"/>
      </Position11>
      <Position12>
        <Filename Value="uchart.pas"/>
        <Caret Line="467" Column="95" TopLine="455"/>
      </Position12>
      <Position13>
        <Filename Value="uchart.pas"/>
        <Caret Line="514" Column="19" TopLine="494"/>
      </Position13>
      <Position14>
        <Filename Value="uchart.pas"/>
        <Caret Line="2492" Column="23" TopLine="2492"/>
      </Position14>
      <Position15>
        <Filename Value="uchart.pas"/>
        <Caret Line="2327" Column="3" TopLine="2323"/>
      </Position15>
      <Position16>
        <Filename Value="uchart.pas"/>
        <Caret Line="2456" Column="21" TopLine="2444"/>
      </Position16>
      <Position17>
        <Filename Value="uchart.pas"/>
        <Caret Line="2499" Column="33" TopLine="2498"/>
      </Position17>
      <Position18>
        <Filename Value="uchart.pas"/>
        <Caret Line="2436" Column="3" TopLine="2432"/>
      </Position18>
      <Position19>
        <Filename Value="uchart.pas"/>
        <Caret Line="2447" Column="25" TopLine="2439"/>
      </Position19>
      <Position20>
        <Filename Value="uchart.pas"/>
        <Caret Line="2793" Column="10" TopLine="2789"/>
      </Position20>
      <Position21>
        <Filename Value="uchart.pas"/>
        <Caret Line="514" Column="16" TopLine="511"/>
      </Position21>
      <Position22>
        <Filename Value="uchart.pas"/>
        <Caret Line="563" Column="17" TopLine="543"/>
      </Position22>
      <Position23>
        <Filename Value="uchart.pas"/>
        <Caret Line="2789" Column="3" TopLine="2782"/>
      </Position23>
      <Position24>
        <Filename Value="uchart.pas"/>
        <Caret Line="514" Column="3" TopLine="508"/>
      </Position24>
      <Position25>
        <Filename Value="nxpascal/src/nxGL.pas"/>
        <Caret Line="370" Column="14" TopLine="359"/>
      </Position25>
      <Position26>
        <Filename Value="nxpascal/src/nxGL.pas"/>
        <Caret Line="765" Column="26" TopLine="759"/>
      </Position26>
      <Position27>
        <Filename Value="uchart.pas"/>
        <Caret Line="2827" TopLine="2816"/>
      </Position27>
      <Position28>
        <Filename Value="uchart.pas"/>
        <Caret Line="2672" Column="48" TopLine="2659"/>
      </Position28>
    </JumpHistory>
  </ProjectOptions>
  <CompilerOptions>
    <Version Value="11"/>
    <Target>
      <Filename Value="bin/Interferenz"/>
    </Target>
    <SearchPaths>
      <OtherUnitFiles Value="synapse;nxpascal/src"/>
      <UnitOutputDirectory Value="lib"/>
    </SearchPaths>
    <Parsing>
      <SyntaxOptions>
        <CStyleOperator Value="False"/>
      </SyntaxOptions>
    </Parsing>
    <Linking>
      <Debugging>
        <GenerateDebugInfo Value="False"/>
        <UseLineInfoUnit Value="False"/>
        <StripSymbols Value="True"/>
      </Debugging>
      <Options>
        <Win32>
          <GraphicApplication Value="True"/>
        </Win32>
      </Options>
    </Linking>
    <Other>
      <CreateMakefileOnBuild Value="True"/>
    </Other>
  </CompilerOptions>
</CONFIG>
